
Microsoft Visual Studio Solution File, Format Version 12.00
# Visual Studio Version 16
VisualStudioVersion = 16.0.31112.23
MinimumVisualStudioVersion = 10.0.40219.1
Project("{FAE04EC0-301F-11D3-BF4B-00C04F79EFBC}") = "Pokedex.Android", "Pokedex\Pokedex.Android\Pokedex.Android.csproj", "{CA7E33EA-E89E-4A04-B036-613C906EC16E}"
EndProject
Project("{FAE04EC0-301F-11D3-BF4B-00C04F79EFBC}") = "Pokedex", "Pokedex\Pokedex\Pokedex.csproj", "{0774C161-661A-4F69-A442-E02C40CB2447}"
EndProject
Global
	GlobalSection(SolutionConfigurationPlatforms) = preSolution
		Debug|Any CPU = Debug|Any CPU
		Release|Any CPU = Release|Any CPU
	EndGlobalSection
	GlobalSection(ProjectConfigurationPlatforms) = postSolution
		{CA7E33EA-E89E-4A04-B036-613C906EC16E}.Debug|Any CPU.ActiveCfg = Debug|Any CPU
		{CA7E33EA-E89E-4A04-B036-613C906EC16E}.Debug|Any CPU.Build.0 = Debug|Any CPU
		{CA7E33EA-E89E-4A04-B036-613C906EC16E}.Debug|Any CPU.Deploy.0 = Debug|Any CPU
		{CA7E33EA-E89E-4A04-B036-613C906EC16E}.Release|Any CPU.ActiveCfg = Release|Any CPU
		{CA7E33EA-E89E-4A04-B036-613C906EC16E}.Release|Any CPU.Build.0 = Release|Any CPU
		{CA7E33EA-E89E-4A04-B036-613C906EC16E}.Release|Any CPU.Deploy.0 = Release|Any CPU
		{0774C161-661A-4F69-A442-E02C40CB2447}.Debug|Any CPU.ActiveCfg = Debug|Any CPU
		{0774C161-661A-4F69-A442-E02C40CB2447}.Debug|Any CPU.Build.0 = Debug|Any CPU
		{0774C161-661A-4F69-A442-E02C40CB2447}.Debug|Any CPU.Deploy.0 = Debug|Any CPU
		{0774C161-661A-4F69-A442-E02C40CB2447}.Release|Any CPU.ActiveCfg = Release|Any CPU
		{0774C161-661A-4F69-A442-E02C40CB2447}.Release|Any CPU.Build.0 = Release|Any CPU
		{0774C161-661A-4F69-A442-E02C40CB2447}.Release|Any CPU.Deploy.0 = Release|Any CPU
	EndGlobalSection
	GlobalSection(SolutionProperties) = preSolution
		HideSolutionNode = FALSE
	EndGlobalSection
	GlobalSection(ExtensibilityGlobals) = postSolution
		SolutionGuid = {3B1946D6-A469-4D16-8F20-1828552D8AAE}
	EndGlobalSection
EndGlobal
